// !$*UTF8*$!
{
	archiveVersion = 1;
	classes = {
	};
	objectVersion = 48;
	objects = {

/* Begin PBXBuildFile section */
		DE482A494DD5CB90D8664E92 /* Pods_RxCollectionViewExample.framework in Frameworks */ = {isa = PBXBuildFile; fileRef = 66F06A6E8DC089D32CDF4464 /* Pods_RxCollectionViewExample.framework */; };
		E15A3B611FF4F98E00AA672D /* AppDelegate.swift in Sources */ = {isa = PBXBuildFile; fileRef = E15A3B601FF4F98E00AA672D /* AppDelegate.swift */; };
		E15A3B631FF4F98E00AA672D /* ViewController.swift in Sources */ = {isa = PBXBuildFile; fileRef = E15A3B621FF4F98E00AA672D /* ViewController.swift */; };
		E15A3B661FF4F98E00AA672D /* Main.storyboard in Resources */ = {isa = PBXBuildFile; fileRef = E15A3B641FF4F98E00AA672D /* Main.storyboard */; };
		E15A3B681FF4F98E00AA672D /* Assets.xcassets in Resources */ = {isa = PBXBuildFile; fileRef = E15A3B671FF4F98E00AA672D /* Assets.xcassets */; };
		E15A3B6B1FF4F98E00AA672D /* LaunchScreen.storyboard in Resources */ = {isa = PBXBuildFile; fileRef = E15A3B691FF4F98E00AA672D /* LaunchScreen.storyboard */; };
		E15A3B751FF5178F00AA672D /* CountrySection.swift in Sources */ = {isa = PBXBuildFile; fileRef = E15A3B741FF5178F00AA672D /* CountrySection.swift */; };
/* End PBXBuildFile section */

/* Begin PBXFileReference section */
		06F5D6427758CE5940963BE2 /* Pods-RxCollectionViewExample.debug.xcconfig */ = {isa = PBXFileReference; includeInIndex = 1; lastKnownFileType = text.xcconfig; name = "Pods-RxCollectionViewExample.debug.xcconfig"; path = "Pods/Target Support Files/Pods-RxCollectionViewExample/Pods-RxCollectionViewExample.debug.xcconfig"; sourceTree = "<group>"; };
		66F06A6E8DC089D32CDF4464 /* Pods_RxCollectionViewExample.framework */ = {isa = PBXFileReference; explicitFileType = wrapper.framework; includeInIndex = 0; path = Pods_RxCollectionViewExample.framework; sourceTree = BUILT_PRODUCTS_DIR; };
		9A85430D7A2768777C8172B6 /* Pods-RxCollectionViewExample.release.xcconfig */ = {isa = PBXFileReference; includeInIndex = 1; lastKnownFileType = text.xcconfig; name = "Pods-RxCollectionViewExample.release.xcconfig"; path = "Pods/Target Support Files/Pods-RxCollectionViewExample/Pods-RxCollectionViewExample.release.xcconfig"; sourceTree = "<group>"; };
		E15A3B5D1FF4F98E00AA672D /* RxCollectionViewExample.app */ = {isa = PBXFileReference; explicitFileType = wrapper.application; includeInIndex = 0; path = RxCollectionViewExample.app; sourceTree = BUILT_PRODUCTS_DIR; };
		E15A3B601FF4F98E00AA672D /* AppDelegate.swift */ = {isa = PBXFileReference; lastKnownFileType = sourcecode.swift; path = AppDelegate.swift; sourceTree = "<group>"; };
		E15A3B621FF4F98E00AA672D /* ViewController.swift */ = {isa = PBXFileReference; lastKnownFileType = sourcecode.swift; path = ViewController.swift; sourceTree = "<group>"; };
		E15A3B651FF4F98E00AA672D /* Base */ = {isa = PBXFileReference; lastKnownFileType = file.storyboard; name = Base; path = Base.lproj/Main.storyboard; sourceTree = "<group>"; };
		E15A3B671FF4F98E00AA672D /* Assets.xcassets */ = {isa = PBXFileReference; lastKnownFileType = folder.assetcatalog; path = Assets.xcassets; sourceTree = "<group>"; };
		E15A3B6A1FF4F98E00AA672D /* Base */ = {isa = PBXFileReference; lastKnownFileType = file.storyboard; name = Base; path = Base.lproj/LaunchScreen.storyboard; sourceTree = "<group>"; };
		E15A3B6C1FF4F98E00AA672D /* Info.plist */ = {isa = PBXFileReference; lastKnownFileType = text.plist.xml; path = Info.plist; sourceTree = "<group>"; };
		E15A3B741FF5178F00AA672D /* CountrySection.swift */ = {isa = PBXFileReference; lastKnownFileType = sourcecode.swift; path = CountrySection.swift; sourceTree = "<group>"; };
/* End PBXFileReference section */

/* Begin PBXFrameworksBuildPhase section */
		E15A3B5A1FF4F98E00AA672D /* Frameworks */ = {
			isa = PBXFrameworksBuildPhase;
			buildActionMask = 2147483647;
			files = (
				DE482A494DD5CB90D8664E92 /* Pods_RxCollectionViewExample.framework in Frameworks */,
			);
			runOnlyForDeploymentPostprocessing = 0;
		};
/* End PBXFrameworksBuildPhase section */

/* Begin PBXGroup section */
		06822E5675AEBBD8B3105888 /* Frameworks */ = {
			isa = PBXGroup;
			children = (
				66F06A6E8DC089D32CDF4464 /* Pods_RxCollectionViewExample.framework */,
			);
			name = Frameworks;
			sourceTree = "<group>";
		};
		2268B4B797F5FB11314C935E /* Pods */ = {
			isa = PBXGroup;
			children = (
				06F5D6427758CE5940963BE2 /* Pods-RxCollectionViewExample.debug.xcconfig */,
				9A85430D7A2768777C8172B6 /* Pods-RxCollectionViewExample.release.xcconfig */,
			);
			name = Pods;
			sourceTree = "<group>";
		};
		E15A3B541FF4F98E00AA672D = {
			isa = PBXGroup;
			children = (
				E15A3B5F1FF4F98E00AA672D /* RxCollectionViewExample */,
				E15A3B5E1FF4F98E00AA672D /* Products */,
				2268B4B797F5FB11314C935E /* Pods */,
				06822E5675AEBBD8B3105888 /* Frameworks */,
			);
			sourceTree = "<group>";
		};
		E15A3B5E1FF4F98E00AA672D /* Products */ = {
			isa = PBXGroup;
			children = (
				E15A3B5D1FF4F98E00AA672D /* RxCollectionViewExample.app */,
			);
			name = Products;
			sourceTree = "<group>";
		};
		E15A3B5F1FF4F98E00AA672D /* RxCollectionViewExample */ = {
			isa = PBXGroup;
			children = (
				E15A3B601FF4F98E00AA672D /* AppDelegate.swift */,
				E15A3B741FF5178F00AA672D /* CountrySection.swift */,
				E15A3B621FF4F98E00AA672D /* ViewController.swift */,
				E15A3B641FF4F98E00AA672D /* Main.storyboard */,
				E15A3B671FF4F98E00AA672D /* Assets.xcassets */,
				E15A3B691FF4F98E00AA672D /* LaunchScreen.storyboard */,
				E15A3B6C1FF4F98E00AA672D /* Info.plist */,
			);
			path = RxCollectionViewExample;
			sourceTree = "<group>";
		};
/* End PBXGroup section */

/* Begin PBXNativeTarget section */
		E15A3B5C1FF4F98E00AA672D /* RxCollectionViewExample */ = {
			isa = PBXNativeTarget;
			buildConfigurationList = E15A3B6F1FF4F98E00AA672D /* Build configuration list for PBXNativeTarget "RxCollectionViewExample" */;
			buildPhases = (
				01514FF169A15F23D2032F07 /* [CP] Check Pods Manifest.lock */,
				E15A3B591FF4F98E00AA672D /* Sources */,
				E15A3B5A1FF4F98E00AA672D /* Frameworks */,
				E15A3B5B1FF4F98E00AA672D /* Resources */,
				D1D8B81E8D6F4AA08DF0A7FD /* [CP] Embed Pods Frameworks */,
				2130C79E39737F0DED5247C3 /* [CP] Copy Pods Resources */,
			);
			buildRules = (
			);
			dependencies = (
			);
			name = RxCollectionViewExample;
			productName = RxCollectionViewExample;
			productReference = E15A3B5D1FF4F98E00AA672D /* RxCollectionViewExample.app */;
			productType = "com.apple.product-type.application";
		};
/* End PBXNativeTarget section */

/* Begin PBXProject section */
		E15A3B551FF4F98E00AA672D /* Project object */ = {
			isa = PBXProject;
			attributes = {
				LastSwiftUpdateCheck = 0920;
				LastUpgradeCheck = 0920;
				ORGANIZATIONNAME = "Alper Akinci";
				TargetAttributes = {
					E15A3B5C1FF4F98E00AA672D = {
						CreatedOnToolsVersion = 9.2;
						ProvisioningStyle = Automatic;
					};
				};
			};
			buildConfigurationList = E15A3B581FF4F98E00AA672D /* Build configuration list for PBXProject "RxCollectionViewExample" */;
			compatibilityVersion = "Xcode 8.0";
			developmentRegion = en;
			hasScannedForEncodings = 0;
			knownRegions = (
				en,
				Base,
			);
			mainGroup = E15A3B541FF4F98E00AA672D;
			productRefGroup = E15A3B5E1FF4F98E00AA672D /* Products */;
			projectDirPath = "";
			projectRoot = "";
			targets = (
				E15A3B5C1FF4F98E00AA672D /* RxCollectionViewExample */,
			);
		};
/* End PBXProject section */

/* Begin PBXResourcesBuildPhase section */
		E15A3B5B1FF4F98E00AA672D /* Resources */ = {
			isa = PBXResourcesBuildPhase;
			buildActionMask = 2147483647;
			files = (
				E15A3B6B1FF4F98E00AA672D /* LaunchScreen.storyboard in Resources */,
				E15A3B681FF4F98E00AA672D /* Assets.xcassets in Resources */,
				E15A3B661FF4F98E00AA672D /* Main.storyboard in Resources */,
			);
			runOnlyForDeploymentPostprocessing = 0;
		};
/* End PBXResourcesBuildPhase section */

/* Begin PBXShellScriptBuildPhase section */
		01514FF169A15F23D2032F07 /* [CP] Check Pods Manifest.lock */ = {
			isa = PBXShellScriptBuildPhase;
			buildActionMask = 2147483647;
			files = (
			);
			inputPaths = (
				"${PODS_PODFILE_DIR_PATH}/Podfile.lock",
				"${PODS_ROOT}/Manifest.lock",
			);
			name = "[CP] Check Pods Manifest.lock";
			outputPaths = (
				"$(DERIVED_FILE_DIR)/Pods-RxCollectionViewExample-checkManifestLockResult.txt",
			);
			runOnlyForDeploymentPostprocessing = 0;
			shellPath = /bin/sh;
			shellScript = "diff \"${PODS_PODFILE_DIR_PATH}/Podfile.lock\" \"${PODS_ROOT}/Manifest.lock\" > /dev/null\nif [ $? != 0 ] ; then\n    # print error to STDERR\n    echo \"error: The sandbox is not in sync with the Podfile.lock. Run 'pod install' or update your CocoaPods installation.\" >&2\n    exit 1\nfi\n# This output is used by Xcode 'outputs' to avoid re-running this script phase.\necho \"SUCCESS\" > \"${SCRIPT_OUTPUT_FILE_0}\"\n";
			showEnvVarsInLog = 0;
		};
		2130C79E39737F0DED5247C3 /* [CP] Copy Pods Resources */ = {
			isa = PBXShellScriptBuildPhase;
			buildActionMask = 2147483647;
			files = (
			);
			inputPaths = (
			);
			name = "[CP] Copy Pods Resources";
			outputPaths = (
			);
			runOnlyForDeploymentPostprocessing = 0;
			shellPath = /bin/sh;
			shellScript = "\"${SRCROOT}/Pods/Target Support Files/Pods-RxCollectionViewExample/Pods-RxCollectionViewExample-resources.sh\"\n";
			showEnvVarsInLog = 0;
		};
		D1D8B81E8D6F4AA08DF0A7FD /* [CP] Embed Pods Frameworks */ = {
			isa = PBXShellScriptBuildPhase;
			buildActionMask = 2147483647;
			files = (
			);
			inputPaths = (
				"${SRCROOT}/Pods/Target Support Files/Pods-RxCollectionViewExample/Pods-RxCollectionViewExample-frameworks.sh",
				"${BUILT_PRODUCTS_DIR}/Differentiator/Differentiator.framework",
				"${BUILT_PRODUCTS_DIR}/RxCocoa/RxCocoa.framework",
				"${BUILT_PRODUCTS_DIR}/RxDataSources/RxDataSources.framework",
				"${BUILT_PRODUCTS_DIR}/RxSwift/RxSwift.framework",
			);
			name = "[CP] Embed Pods Frameworks";
			outputPaths = (
				"${TARGET_BUILD_DIR}/${FRAMEWORKS_FOLDER_PATH}/Differentiator.framework",
				"${TARGET_BUILD_DIR}/${FRAMEWORKS_FOLDER_PATH}/RxCocoa.framework",
				"${TARGET_BUILD_DIR}/${FRAMEWORKS_FOLDER_PATH}/RxDataSources.framework",
				"${TARGET_BUILD_DIR}/${FRAMEWORKS_FOLDER_PATH}/RxSwift.framework",
			);
			runOnlyForDeploymentPostprocessing = 0;
			shellPath = /bin/sh;
			shellScript = "\"${SRCROOT}/Pods/Target Support Files/Pods-RxCollectionViewExample/Pods-RxCollectionViewExample-frameworks.sh\"\n";
			showEnvVarsInLog = 0;
		};
/* End PBXShellScriptBuildPhase section */

/* Begin PBXSourcesBuildPhase section */
		E15A3B591FF4F98E00AA672D /* Sources */ = {
			isa = PBXSourcesBuildPhase;
			buildActionMask = 2147483647;
			files = (
				E15A3B631FF4F98E00AA672D /* ViewController.swift in Sources */,
				E15A3B611FF4F98E00AA672D /* AppDelegate.swift in Sources */,
				E15A3B751FF5178F00AA672D /* CountrySection.swift in Sources */,
			);
			runOnlyForDeploymentPostprocessing = 0;
		};
/* End PBXSourcesBuildPhase section */

/* Begin PBXVariantGroup section */
		E15A3B641FF4F98E00AA672D /* Main.storyboard */ = {
			isa = PBXVariantGroup;
			children = (
				E15A3B651FF4F98E00AA672D /* Base */,
			);
			name = Main.storyboard;
			sourceTree = "<group>";
		};
		E15A3B691FF4F98E00AA672D /* LaunchScreen.storyboard */ = {
			isa = PBXVariantGroup;
			children = (
				E15A3B6A1FF4F98E00AA672D /* Base */,
			);
			name = LaunchScreen.storyboard;
			sourceTree = "<group>";
		};
/* End PBXVariantGroup section */

/* Begin XCBuildConfiguration section */
		E15A3B6D1FF4F98E00AA672D /* Debug */ = {
			isa = XCBuildConfiguration;
			buildSettings = {
				ALWAYS_SEARCH_USER_PATHS = NO;
				CLANG_ANALYZER_NONNULL = YES;
				CLANG_ANALYZER_NUMBER_OBJECT_CONVERSION = YES_AGGRESSIVE;
				CLANG_CXX_LANGUAGE_STANDARD = "gnu++14";
				CLANG_CXX_LIBRARY = "libc++";
				CLANG_ENABLE_MODULES = YES;
				CLANG_ENABLE_OBJC_ARC = YES;
				CLANG_WARN_BLOCK_CAPTURE_AUTORELEASING = YES;
				CLANG_WARN_BOOL_CONVERSION = YES;
				CLANG_WARN_COMMA = YES;
				CLANG_WARN_CONSTANT_CONVERSION = YES;
				CLANG_WARN_DIRECT_OBJC_ISA_USAGE = YES_ERROR;
				CLANG_WARN_DOCUMENTATION_COMMENTS = YES;
				CLANG_WARN_EMPTY_BODY = YES;
				CLANG_WARN_ENUM_CONVERSION = YES;
				CLANG_WARN_INFINITE_RECURSION = YES;
				CLANG_WARN_INT_CONVERSION = YES;
				CLANG_WARN_NON_LITERAL_NULL_CONVERSION = YES;
				CLANG_WARN_OBJC_LITERAL_CONVERSION = YES;
				CLANG_WARN_OBJC_ROOT_CLASS = YES_ERROR;
				CLANG_WARN_RANGE_LOOP_ANALYSIS = YES;
				CLANG_WARN_STRICT_PROTOTYPES = YES;
				CLANG_WARN_SUSPICIOUS_MOVE = YES;
				CLANG_WARN_UNGUARDED_AVAILABILITY = YES_AGGRESSIVE;
				CLANG_WARN_UNREACHABLE_CODE = YES;
				CLANG_WARN__DUPLICATE_METHOD_MATCH = YES;
				CODE_SIGN_IDENTITY = "iPhone Developer";
				COPY_PHASE_STRIP = NO;
				DEBUG_INFORMATION_FORMAT = dwarf;
				ENABLE_STRICT_OBJC_MSGSEND = YES;
				ENABLE_TESTABILITY = YES;
				GCC_C_LANGUAGE_STANDARD = gnu11;
				GCC_DYNAMIC_NO_PIC = NO;
				GCC_NO_COMMON_BLOCKS = YES;
				GCC_OPTIMIZATION_LEVEL = 0;
				GCC_PREPROCESSOR_DEFINITIONS = (
					"DEBUG=1",
					"$(inherited)",
				);
				GCC_WARN_64_TO_32_BIT_CONVERSION = YES;
				GCC_WARN_ABOUT_RETURN_TYPE = YES_ERROR;
				GCC_WARN_UNDECLARED_SELECTOR = YES;
				GCC_WARN_UNINITIALIZED_AUTOS = YES_AGGRESSIVE;
				GCC_WARN_UNUSED_FUNCTION = YES;
				GCC_WARN_UNUSED_VARIABLE = YES;
				IPHONEOS_DEPLOYMENT_TARGET = 11.2;
				MTL_ENABLE_DEBUG_INFO = YES;
				ONLY_ACTIVE_ARCH = YES;
				SDKROOT = iphoneos;
				SWIFT_ACTIVE_COMPILATION_CONDITIONS = DEBUG;
				SWIFT_OPTIMIZATION_LEVEL = "-Onone";
			};
			name = Debug;
		};
		E15A3B6E1FF4F98E00AA672D /* Release */ = {
			isa = XCBuildConfiguration;
			buildSettings = {
				ALWAYS_SEARCH_USER_PATHS = NO;
				CLANG_ANALYZER_NONNULL = YES;
				CLANG_ANALYZER_NUMBER_OBJECT_CONVERSION = YES_AGGRESSIVE;
				CLANG_CXX_LANGUAGE_STANDARD = "gnu++14";
				CLANG_CXX_LIBRARY = "libc++";
				CLANG_ENABLE_MODULES = YES;
				CLANG_ENABLE_OBJC_ARC = YES;
				CLANG_WARN_BLOCK_CAPTURE_AUTORELEASING = YES;
				CLANG_WARN_BOOL_CONVERSION = YES;
				CLANG_WARN_COMMA = YES;
				CLANG_WARN_CONSTANT_CONVERSION = YES;
				CLANG_WARN_DIRECT_OBJC_ISA_USAGE = YES_ERROR;
				CLANG_WARN_DOCUMENTATION_COMMENTS = YES;
				CLANG_WARN_EMPTY_BODY = YES;
				CLANG_WARN_ENUM_CONVERSION = YES;
				CLANG_WARN_INFINITE_RECURSION = YES;
				CLANG_WARN_INT_CONVERSION = YES;
				CLANG_WARN_NON_LITERAL_NULL_CONVERSION = YES;
				CLANG_WARN_OBJC_LITERAL_CONVERSION = YES;
				CLANG_WARN_OBJC_ROOT_CLASS = YES_ERROR;
				CLANG_WARN_RANGE_LOOP_ANALYSIS = YES;
				CLANG_WARN_STRICT_PROTOTYPES = YES;
				CLANG_WARN_SUSPICIOUS_MOVE = YES;
				CLANG_WARN_UNGUARDED_AVAILABILITY = YES_AGGRESSIVE;
				CLANG_WARN_UNREACHABLE_CODE = YES;
				CLANG_WARN__DUPLICATE_METHOD_MATCH = YES;
				CODE_SIGN_IDENTITY = "iPhone Developer";
				COPY_PHASE_STRIP = NO;
				DEBUG_INFORMATION_FORMAT = "dwarf-with-dsym";
				ENABLE_NS_ASSERTIONS = NO;
				ENABLE_STRICT_OBJC_MSGSEND = YES;
				GCC_C_LANGUAGE_STANDARD = gnu11;
				GCC_NO_COMMON_BLOCKS = YES;
				GCC_WARN_64_TO_32_BIT_CONVERSION = YES;
				GCC_WARN_ABOUT_RETURN_TYPE = YES_ERROR;
				GCC_WARN_UNDECLARED_SELECTOR = YES;
				GCC_WARN_UNINITIALIZED_AUTOS = YES_AGGRESSIVE;
				GCC_WARN_UNUSED_FUNCTION = YES;
				GCC_WARN_UNUSED_VARIABLE = YES;
				IPHONEOS_DEPLOYMENT_TARGET = 11.2;
				MTL_ENABLE_DEBUG_INFO = NO;
				SDKROOT = iphoneos;
				SWIFT_OPTIMIZATION_LEVEL = "-Owholemodule";
				VALIDATE_PRODUCT = YES;
			};
			name = Release;
		};
		E15A3B701FF4F98E00AA672D /* Debug */ = {
			isa = XCBuildConfiguration;
			baseConfigurationReference = 06F5D6427758CE5940963BE2 /* Pods-RxCollectionViewExample.debug.xcconfig */;
			buildSettings = {
				ASSETCATALOG_COMPILER_APPICON_NAME = AppIcon;
				CODE_SIGN_STYLE = Automatic;
				DEVELOPMENT_TEAM = 4B72B6ARQW;
				INFOPLIST_FILE = RxCollectionViewExample/Info.plist;
				LD_RUNPATH_SEARCH_PATHS = "$(inherited) @executable_path/Frameworks";
				PRODUCT_BUNDLE_IDENTIFIER = alper.RxCollectionViewExample;
				PRODUCT_NAME = "$(TARGET_NAME)";
				SWIFT_VERSION = 4.0;
				TARGETED_DEVICE_FAMILY = "1,2";
			};
			name = Debug;
		};
		E15A3B711FF4F98E00AA672D /* Release */ = {
			isa = XCBuildConfiguration;
			baseConfigurationReference = 9A85430D7A2768777C8172B6 /* Pods-RxCollectionViewExample.release.xcconfig */;
			buildSettings = {
				ASSETCATALOG_COMPILER_APPICON_NAME = AppIcon;
				CODE_SIGN_STYLE = Automatic;
				DEVELOPMENT_TEAM = 4B72B6ARQW;
				INFOPLIST_FILE = RxCollectionViewExample/Info.plist;
				LD_RUNPATH_SEARCH_PATHS = "$(inherited) @executable_path/Frameworks";
				PRODUCT_BUNDLE_IDENTIFIER = alper.RxCollectionViewExample;
				PRODUCT_NAME = "$(TARGET_NAME)";
				SWIFT_VERSION = 4.0;
				TARGETED_DEVICE_FAMILY = "1,2";
			};
			name = Release;
		};
/* End XCBuildConfiguration section */

/* Begin XCConfigurationList section */
		E15A3B581FF4F98E00AA672D /* Build configuration list for PBXProject "RxCollectionViewExample" */ = {
			isa = XCConfigurationList;
			buildConfigurations = (
				E15A3B6D1FF4F98E00AA672D /* Debug */,
				E15A3B6E1FF4F98E00AA672D /* Release */,
			);
			defaultConfigurationIsVisible = 0;
			defaultConfigurationName = Release;
		};
		E15A3B6F1FF4F98E00AA672D /* Build configuration list for PBXNativeTarget "RxCollectionViewExample" */ = {
			isa = XCConfigurationList;
			buildConfigurations = (
				E15A3B701FF4F98E00AA672D /* Debug */,
				E15A3B711FF4F98E00AA672D /* Release */,
			);
			defaultConfigurationIsVisible = 0;
			defaultConfigurationName = Release;
		};
/* End XCConfigurationList section */
	};
	rootObject = E15A3B551FF4F98E00AA672D /* Project object */;
}
